// !$*UTF8*$!
{
	archiveVersion = 1;
	classes = {
	};
	objectVersion = 46;
	objects = {

/* Begin PBXBuildFile section */
		620E233E17E5FC9300727633 /* NSMutableString+AddText.m in Sources */ = {isa = PBXBuildFile; fileRef = 620E233D17E5FC9300727633 /* NSMutableString+AddText.m */; };
		6246EDEA17CE812600FA5F3B /* AllLocationsViewController.m in Sources */ = {isa = PBXBuildFile; fileRef = 6246EDE917CE812600FA5F3B /* AllLocationsViewController.m */; };
		6266A3BB17C2838400B53753 /* UIKit.framework in Frameworks */ = {isa = PBXBuildFile; fileRef = 6266A3BA17C2838400B53753 /* UIKit.framework */; };
		6266A3BD17C2838400B53753 /* Foundation.framework in Frameworks */ = {isa = PBXBuildFile; fileRef = 6266A3BC17C2838400B53753 /* Foundation.framework */; };
		6266A3BF17C2838400B53753 /* CoreGraphics.framework in Frameworks */ = {isa = PBXBuildFile; fileRef = 6266A3BE17C2838400B53753 /* CoreGraphics.framework */; };
		6266A3C517C2838400B53753 /* InfoPlist.strings in Resources */ = {isa = PBXBuildFile; fileRef = 6266A3C317C2838400B53753 /* InfoPlist.strings */; };
		6266A3C717C2838400B53753 /* main.m in Sources */ = {isa = PBXBuildFile; fileRef = 6266A3C617C2838400B53753 /* main.m */; };
		6266A3CB17C2838400B53753 /* AppDelegate.m in Sources */ = {isa = PBXBuildFile; fileRef = 6266A3CA17C2838400B53753 /* AppDelegate.m */; };
		6266A3CD17C2838400B53753 /* Default.png in Resources */ = {isa = PBXBuildFile; fileRef = 6266A3CC17C2838400B53753 /* Default.png */; };
		6266A3CF17C2838400B53753 /* Default@2x.png in Resources */ = {isa = PBXBuildFile; fileRef = 6266A3CE17C2838400B53753 /* Default@2x.png */; };
		6266A3D117C2838400B53753 /* Default-568h@2x.png in Resources */ = {isa = PBXBuildFile; fileRef = 6266A3D017C2838400B53753 /* Default-568h@2x.png */; };
		6266A3D417C2838400B53753 /* MainStoryboard.storyboard in Resources */ = {isa = PBXBuildFile; fileRef = 6266A3D217C2838400B53753 /* MainStoryboard.storyboard */; };
		6266A3D717C2838400B53753 /* CurrentLocationViewController.m in Sources */ = {isa = PBXBuildFile; fileRef = 6266A3D617C2838400B53753 /* CurrentLocationViewController.m */; };
		6266A3D917C2838400B53753 /* first.png in Resources */ = {isa = PBXBuildFile; fileRef = 6266A3D817C2838400B53753 /* first.png */; };
		6266A3DB17C2838400B53753 /* first@2x.png in Resources */ = {isa = PBXBuildFile; fileRef = 6266A3DA17C2838400B53753 /* first@2x.png */; };
		6266A3E017C2838400B53753 /* second.png in Resources */ = {isa = PBXBuildFile; fileRef = 6266A3DF17C2838400B53753 /* second.png */; };
		6266A3E217C2838400B53753 /* second@2x.png in Resources */ = {isa = PBXBuildFile; fileRef = 6266A3E117C2838400B53753 /* second@2x.png */; };
		6266A3E917C2BEDA00B53753 /* CoreLocation.framework in Frameworks */ = {isa = PBXBuildFile; fileRef = 6266A3E817C2BEDA00B53753 /* CoreLocation.framework */; };
		626DD68717DF8DD2003F3340 /* MapKit.framework in Frameworks */ = {isa = PBXBuildFile; fileRef = 626DD68617DF8DD2003F3340 /* MapKit.framework */; };
		626DD68A17DF9773003F3340 /* MapViewController.m in Sources */ = {isa = PBXBuildFile; fileRef = 626DD68917DF9773003F3340 /* MapViewController.m */; };
		62B2157117C820100069D437 /* HudView.m in Sources */ = {isa = PBXBuildFile; fileRef = 62B2157017C820100069D437 /* HudView.m */; };
		62B42C3617C65AA30088CA97 /* CategoryPickerViewController.m in Sources */ = {isa = PBXBuildFile; fileRef = 62B42C3517C65AA30088CA97 /* CategoryPickerViewController.m */; };
		62BBC05017C51A3D0023D14A /* LocationDetailsViewController.m in Sources */ = {isa = PBXBuildFile; fileRef = 62BBC04F17C51A3D0023D14A /* LocationDetailsViewController.m */; };
		62BCFA7A17CD3A7200E47106 /* CoreData.framework in Frameworks */ = {isa = PBXBuildFile; fileRef = 62BCFA7917CD3A7200E47106 /* CoreData.framework */; };
		62BCFA7D17CD3AAC00E47106 /* DataModel.xcdatamodeld in Sources */ = {isa = PBXBuildFile; fileRef = 62BCFA7B17CD3AAC00E47106 /* DataModel.xcdatamodeld */; };
		62BCFA8017CD3E2C00E47106 /* Location.m in Sources */ = {isa = PBXBuildFile; fileRef = 62BCFA7F17CD3E2C00E47106 /* Location.m */; };
		62C9EE0B17D038AE007B189F /* LocationCell.m in Sources */ = {isa = PBXBuildFile; fileRef = 62C9EE0A17D038AE007B189F /* LocationCell.m */; };
		62DC402217C90C6B00AD4BFB /* Checkmark.png in Resources */ = {isa = PBXBuildFile; fileRef = 62DC402017C90C6B00AD4BFB /* Checkmark.png */; };
		62DC402317C90C6B00AD4BFB /* Checkmark@2x.png in Resources */ = {isa = PBXBuildFile; fileRef = 62DC402117C90C6B00AD4BFB /* Checkmark@2x.png */; };
		62EA440A17E49962001840E2 /* UIImage+Resize.m in Sources */ = {isa = PBXBuildFile; fileRef = 62EA440917E49962001840E2 /* UIImage+Resize.m */; };
/* End PBXBuildFile section */

/* Begin PBXFileReference section */
		620E233C17E5FC9300727633 /* NSMutableString+AddText.h */ = {isa = PBXFileReference; fileEncoding = 4; lastKnownFileType = sourcecode.c.h; path = "NSMutableString+AddText.h"; sourceTree = "<group>"; };
		620E233D17E5FC9300727633 /* NSMutableString+AddText.m */ = {isa = PBXFileReference; fileEncoding = 4; lastKnownFileType = sourcecode.c.objc; path = "NSMutableString+AddText.m"; sourceTree = "<group>"; };
		6246EDE817CE812500FA5F3B /* AllLocationsViewController.h */ = {isa = PBXFileReference; fileEncoding = 4; lastKnownFileType = sourcecode.c.h; path = AllLocationsViewController.h; sourceTree = "<group>"; };
		6246EDE917CE812600FA5F3B /* AllLocationsViewController.m */ = {isa = PBXFileReference; fileEncoding = 4; lastKnownFileType = sourcecode.c.objc; path = AllLocationsViewController.m; sourceTree = "<group>"; };
		6266A3B717C2838400B53753 /* MyLocations.app */ = {isa = PBXFileReference; explicitFileType = wrapper.application; includeInIndex = 0; path = MyLocations.app; sourceTree = BUILT_PRODUCTS_DIR; };
		6266A3BA17C2838400B53753 /* UIKit.framework */ = {isa = PBXFileReference; lastKnownFileType = wrapper.framework; name = UIKit.framework; path = System/Library/Frameworks/UIKit.framework; sourceTree = SDKROOT; };
		6266A3BC17C2838400B53753 /* Foundation.framework */ = {isa = PBXFileReference; lastKnownFileType = wrapper.framework; name = Foundation.framework; path = System/Library/Frameworks/Foundation.framework; sourceTree = SDKROOT; };
		6266A3BE17C2838400B53753 /* CoreGraphics.framework */ = {isa = PBXFileReference; lastKnownFileType = wrapper.framework; name = CoreGraphics.framework; path = System/Library/Frameworks/CoreGraphics.framework; sourceTree = SDKROOT; };
		6266A3C217C2838400B53753 /* MyLocations-Info.plist */ = {isa = PBXFileReference; lastKnownFileType = text.plist.xml; path = "MyLocations-Info.plist"; sourceTree = "<group>"; };
		6266A3C417C2838400B53753 /* en */ = {isa = PBXFileReference; lastKnownFileType = text.plist.strings; name = en; path = en.lproj/InfoPlist.strings; sourceTree = "<group>"; };
		6266A3C617C2838400B53753 /* main.m */ = {isa = PBXFileReference; lastKnownFileType = sourcecode.c.objc; path = main.m; sourceTree = "<group>"; };
		6266A3C817C2838400B53753 /* MyLocations-Prefix.pch */ = {isa = PBXFileReference; lastKnownFileType = sourcecode.c.h; path = "MyLocations-Prefix.pch"; sourceTree = "<group>"; };
		6266A3C917C2838400B53753 /* AppDelegate.h */ = {isa = PBXFileReference; lastKnownFileType = sourcecode.c.h; path = AppDelegate.h; sourceTree = "<group>"; };
		6266A3CA17C2838400B53753 /* AppDelegate.m */ = {isa = PBXFileReference; lastKnownFileType = sourcecode.c.objc; path = AppDelegate.m; sourceTree = "<group>"; };
		6266A3CC17C2838400B53753 /* Default.png */ = {isa = PBXFileReference; lastKnownFileType = image.png; path = Default.png; sourceTree = "<group>"; };
		6266A3CE17C2838400B53753 /* Default@2x.png */ = {isa = PBXFileReference; lastKnownFileType = image.png; path = "Default@2x.png"; sourceTree = "<group>"; };
		6266A3D017C2838400B53753 /* Default-568h@2x.png */ = {isa = PBXFileReference; lastKnownFileType = image.png; path = "Default-568h@2x.png"; sourceTree = "<group>"; };
		6266A3D317C2838400B53753 /* en */ = {isa = PBXFileReference; lastKnownFileType = file.storyboard; name = en; path = en.lproj/MainStoryboard.storyboard; sourceTree = "<group>"; };
		6266A3D517C2838400B53753 /* CurrentLocationViewController.h */ = {isa = PBXFileReference; lastKnownFileType = sourcecode.c.h; path = CurrentLocationViewController.h; sourceTree = "<group>"; };
		6266A3D617C2838400B53753 /* CurrentLocationViewController.m */ = {isa = PBXFileReference; lastKnownFileType = sourcecode.c.objc; path = CurrentLocationViewController.m; sourceTree = "<group>"; };
		6266A3D817C2838400B53753 /* first.png */ = {isa = PBXFileReference; lastKnownFileType = image.png; path = first.png; sourceTree = "<group>"; };
		6266A3DA17C2838400B53753 /* first@2x.png */ = {isa = PBXFileReference; lastKnownFileType = image.png; path = "first@2x.png"; sourceTree = "<group>"; };
		6266A3DF17C2838400B53753 /* second.png */ = {isa = PBXFileReference; lastKnownFileType = image.png; path = second.png; sourceTree = "<group>"; };
		6266A3E117C2838400B53753 /* second@2x.png */ = {isa = PBXFileReference; lastKnownFileType = image.png; path = "second@2x.png"; sourceTree = "<group>"; };
		6266A3E817C2BEDA00B53753 /* CoreLocation.framework */ = {isa = PBXFileReference; lastKnownFileType = wrapper.framework; name = CoreLocation.framework; path = System/Library/Frameworks/CoreLocation.framework; sourceTree = SDKROOT; };
		626DD68617DF8DD2003F3340 /* MapKit.framework */ = {isa = PBXFileReference; lastKnownFileType = wrapper.framework; name = MapKit.framework; path = System/Library/Frameworks/MapKit.framework; sourceTree = SDKROOT; };
		626DD68817DF9773003F3340 /* MapViewController.h */ = {isa = PBXFileReference; fileEncoding = 4; lastKnownFileType = sourcecode.c.h; path = MapViewController.h; sourceTree = "<group>"; };
		626DD68917DF9773003F3340 /* MapViewController.m */ = {isa = PBXFileReference; fileEncoding = 4; lastKnownFileType = sourcecode.c.objc; path = MapViewController.m; sourceTree = "<group>"; };
		62B2156F17C820100069D437 /* HudView.h */ = {isa = PBXFileReference; fileEncoding = 4; lastKnownFileType = sourcecode.c.h; path = HudView.h; sourceTree = "<group>"; };
		62B2157017C820100069D437 /* HudView.m */ = {isa = PBXFileReference; fileEncoding = 4; lastKnownFileType = sourcecode.c.objc; path = HudView.m; sourceTree = "<group>"; };
		62B42C3417C65AA30088CA97 /* CategoryPickerViewController.h */ = {isa = PBXFileReference; fileEncoding = 4; lastKnownFileType = sourcecode.c.h; path = CategoryPickerViewController.h; sourceTree = "<group>"; };
		62B42C3517C65AA30088CA97 /* CategoryPickerViewController.m */ = {isa = PBXFileReference; fileEncoding = 4; lastKnownFileType = sourcecode.c.objc; path = CategoryPickerViewController.m; sourceTree = "<group>"; };
		62BBC04E17C51A3D0023D14A /* LocationDetailsViewController.h */ = {isa = PBXFileReference; fileEncoding = 4; lastKnownFileType = sourcecode.c.h; path = LocationDetailsViewController.h; sourceTree = "<group>"; };
		62BBC04F17C51A3D0023D14A /* LocationDetailsViewController.m */ = {isa = PBXFileReference; fileEncoding = 4; lastKnownFileType = sourcecode.c.objc; path = LocationDetailsViewController.m; sourceTree = "<group>"; };
		62BCFA7917CD3A7200E47106 /* CoreData.framework */ = {isa = PBXFileReference; lastKnownFileType = wrapper.framework; name = CoreData.framework; path = System/Library/Frameworks/CoreData.framework; sourceTree = SDKROOT; };
		62BCFA7C17CD3AAC00E47106 /* DataModel.xcdatamodel */ = {isa = PBXFileReference; lastKnownFileType = wrapper.xcdatamodel; path = DataModel.xcdatamodel; sourceTree = "<group>"; };
		62BCFA7E17CD3E2C00E47106 /* Location.h */ = {isa = PBXFileReference; fileEncoding = 4; lastKnownFileType = sourcecode.c.h; path = Location.h; sourceTree = "<group>"; };
		62BCFA7F17CD3E2C00E47106 /* Location.m */ = {isa = PBXFileReference; fileEncoding = 4; lastKnownFileType = sourcecode.c.objc; path = Location.m; sourceTree = "<group>"; };
		62C9EE0917D038AE007B189F /* LocationCell.h */ = {isa = PBXFileReference; fileEncoding = 4; lastKnownFileType = sourcecode.c.h; path = LocationCell.h; sourceTree = "<group>"; };
		62C9EE0A17D038AE007B189F /* LocationCell.m */ = {isa = PBXFileReference; fileEncoding = 4; lastKnownFileType = sourcecode.c.objc; path = LocationCell.m; sourceTree = "<group>"; };
		62DC402017C90C6B00AD4BFB /* Checkmark.png */ = {isa = PBXFileReference; lastKnownFileType = image.png; name = Checkmark.png; path = "../../../The iOS Apprentice Bundle/Chapter 3 - MyLocations/Resources/Hud Images/Checkmark.png"; sourceTree = "<group>"; };
		62DC402117C90C6B00AD4BFB /* Checkmark@2x.png */ = {isa = PBXFileReference; lastKnownFileType = image.png; name = "Checkmark@2x.png"; path = "../../../The iOS Apprentice Bundle/Chapter 3 - MyLocations/Resources/Hud Images/Checkmark@2x.png"; sourceTree = "<group>"; };
		62EA440817E49962001840E2 /* UIImage+Resize.h */ = {isa = PBXFileReference; fileEncoding = 4; lastKnownFileType = sourcecode.c.h; path = "UIImage+Resize.h"; sourceTree = "<group>"; };
		62EA440917E49962001840E2 /* UIImage+Resize.m */ = {isa = PBXFileReference; fileEncoding = 4; lastKnownFileType = sourcecode.c.objc; path = "UIImage+Resize.m"; sourceTree = "<group>"; };
/* End PBXFileReference section */

/* Begin PBXFrameworksBuildPhase section */
		6266A3B417C2838400B53753 /* Frameworks */ = {
			isa = PBXFrameworksBuildPhase;
			buildActionMask = 2147483647;
			files = (
				626DD68717DF8DD2003F3340 /* MapKit.framework in Frameworks */,
				62BCFA7A17CD3A7200E47106 /* CoreData.framework in Frameworks */,
				6266A3E917C2BEDA00B53753 /* CoreLocation.framework in Frameworks */,
				6266A3BB17C2838400B53753 /* UIKit.framework in Frameworks */,
				6266A3BD17C2838400B53753 /* Foundation.framework in Frameworks */,
				6266A3BF17C2838400B53753 /* CoreGraphics.framework in Frameworks */,
			);
			runOnlyForDeploymentPostprocessing = 0;
		};
/* End PBXFrameworksBuildPhase section */

/* Begin PBXGroup section */
		620E235217E6115F00727633 /* Icon */ = {
			isa = PBXGroup;
			children = (
			);
			path = Icon;
			sourceTree = "<group>";
		};
		6266A3AE17C2838400B53753 = {
			isa = PBXGroup;
			children = (
				6266A3C017C2838400B53753 /* MyLocations */,
				6266A3B917C2838400B53753 /* Frameworks */,
				6266A3B817C2838400B53753 /* Products */,
			);
			sourceTree = "<group>";
		};
		6266A3B817C2838400B53753 /* Products */ = {
			isa = PBXGroup;
			children = (
				6266A3B717C2838400B53753 /* MyLocations.app */,
			);
			name = Products;
			sourceTree = "<group>";
		};
		6266A3B917C2838400B53753 /* Frameworks */ = {
			isa = PBXGroup;
			children = (
				626DD68617DF8DD2003F3340 /* MapKit.framework */,
				62BCFA7917CD3A7200E47106 /* CoreData.framework */,
				6266A3E817C2BEDA00B53753 /* CoreLocation.framework */,
				6266A3BA17C2838400B53753 /* UIKit.framework */,
				6266A3BC17C2838400B53753 /* Foundation.framework */,
				6266A3BE17C2838400B53753 /* CoreGraphics.framework */,
			);
			name = Frameworks;
			sourceTree = "<group>";
		};
		6266A3C017C2838400B53753 /* MyLocations */ = {
			isa = PBXGroup;
			children = (
				6246EDE817CE812500FA5F3B /* AllLocationsViewController.h */,
				6246EDE917CE812600FA5F3B /* AllLocationsViewController.m */,
				6266A3C917C2838400B53753 /* AppDelegate.h */,
				6266A3CA17C2838400B53753 /* AppDelegate.m */,
				62B42C3417C65AA30088CA97 /* CategoryPickerViewController.h */,
				62B42C3517C65AA30088CA97 /* CategoryPickerViewController.m */,
				6266A3D517C2838400B53753 /* CurrentLocationViewController.h */,
				6266A3D617C2838400B53753 /* CurrentLocationViewController.m */,
				62BCFA7B17CD3AAC00E47106 /* DataModel.xcdatamodeld */,
				6266A3D817C2838400B53753 /* first.png */,
				6266A3DA17C2838400B53753 /* first@2x.png */,
				62B2156F17C820100069D437 /* HudView.h */,
				62B2157017C820100069D437 /* HudView.m */,
				62BCFA7E17CD3E2C00E47106 /* Location.h */,
				62BCFA7F17CD3E2C00E47106 /* Location.m */,
				62C9EE0917D038AE007B189F /* LocationCell.h */,
				62C9EE0A17D038AE007B189F /* LocationCell.m */,
				62BBC04E17C51A3D0023D14A /* LocationDetailsViewController.h */,
				62BBC04F17C51A3D0023D14A /* LocationDetailsViewController.m */,
				6266A3D217C2838400B53753 /* MainStoryboard.storyboard */,
				626DD68817DF9773003F3340 /* MapViewController.h */,
				626DD68917DF9773003F3340 /* MapViewController.m */,
				620E233C17E5FC9300727633 /* NSMutableString+AddText.h */,
				620E233D17E5FC9300727633 /* NSMutableString+AddText.m */,
				6266A3DF17C2838400B53753 /* second.png */,
				6266A3E117C2838400B53753 /* second@2x.png */,
				6266A3C117C2838400B53753 /* Supporting Files */,
				62EA440817E49962001840E2 /* UIImage+Resize.h */,
				62EA440917E49962001840E2 /* UIImage+Resize.m */,
			);
			path = MyLocations;
			sourceTree = "<group>";
		};
		6266A3C117C2838400B53753 /* Supporting Files */ = {
			isa = PBXGroup;
			children = (
				620E235217E6115F00727633 /* Icon */,
				62DC402417C90C8900AD4BFB /* Hud images */,
				6266A3C217C2838400B53753 /* MyLocations-Info.plist */,
				6266A3C317C2838400B53753 /* InfoPlist.strings */,
				6266A3C617C2838400B53753 /* main.m */,
				6266A3C817C2838400B53753 /* MyLocations-Prefix.pch */,
				6266A3CC17C2838400B53753 /* Default.png */,
				6266A3CE17C2838400B53753 /* Default@2x.png */,
				6266A3D017C2838400B53753 /* Default-568h@2x.png */,
			);
			name = "Supporting Files";
			sourceTree = "<group>";
		};
		62DC402417C90C8900AD4BFB /* Hud images */ = {
			isa = PBXGroup;
			children = (
				62DC402017C90C6B00AD4BFB /* Checkmark.png */,
				62DC402117C90C6B00AD4BFB /* Checkmark@2x.png */,
			);
			name = "Hud images";
			sourceTree = "<group>";
		};
/* End PBXGroup section */

/* Begin PBXNativeTarget section */
		6266A3B617C2838400B53753 /* MyLocations */ = {
			isa = PBXNativeTarget;
			buildConfigurationList = 6266A3E517C2838400B53753 /* Build configuration list for PBXNativeTarget "MyLocations" */;
			buildPhases = (
				6266A3B317C2838400B53753 /* Sources */,
				6266A3B417C2838400B53753 /* Frameworks */,
				6266A3B517C2838400B53753 /* Resources */,
			);
			buildRules = (
			);
			dependencies = (
			);
			name = MyLocations;
			productName = MyLocations;
			productReference = 6266A3B717C2838400B53753 /* MyLocations.app */;
			productType = "com.apple.product-type.application";
		};
/* End PBXNativeTarget section */

/* Begin PBXProject section */
		6266A3AF17C2838400B53753 /* Project object */ = {
			isa = PBXProject;
			attributes = {
				LastUpgradeCheck = 0460;
				ORGANIZATIONNAME = "João Carreira";
			};
			buildConfigurationList = 6266A3B217C2838400B53753 /* Build configuration list for PBXProject "MyLocations" */;
			compatibilityVersion = "Xcode 3.2";
			developmentRegion = English;
			hasScannedForEncodings = 0;
			knownRegions = (
				en,
			);
			mainGroup = 6266A3AE17C2838400B53753;
			productRefGroup = 6266A3B817C2838400B53753 /* Products */;
			projectDirPath = "";
			projectRoot = "";
			targets = (
				6266A3B617C2838400B53753 /* MyLocations */,
			);
		};
/* End PBXProject section */

/* Begin PBXResourcesBuildPhase section */
		6266A3B517C2838400B53753 /* Resources */ = {
			isa = PBXResourcesBuildPhase;
			buildActionMask = 2147483647;
			files = (
				6266A3C517C2838400B53753 /* InfoPlist.strings in Resources */,
				6266A3CD17C2838400B53753 /* Default.png in Resources */,
				6266A3CF17C2838400B53753 /* Default@2x.png in Resources */,
				6266A3D117C2838400B53753 /* Default-568h@2x.png in Resources */,
				6266A3D417C2838400B53753 /* MainStoryboard.storyboard in Resources */,
				6266A3D917C2838400B53753 /* first.png in Resources */,
				6266A3DB17C2838400B53753 /* first@2x.png in Resources */,
				6266A3E017C2838400B53753 /* second.png in Resources */,
				6266A3E217C2838400B53753 /* second@2x.png in Resources */,
				62DC402217C90C6B00AD4BFB /* Checkmark.png in Resources */,
				62DC402317C90C6B00AD4BFB /* Checkmark@2x.png in Resources */,
			);
			runOnlyForDeploymentPostprocessing = 0;
		};
/* End PBXResourcesBuildPhase section */

/* Begin PBXSourcesBuildPhase section */
		6266A3B317C2838400B53753 /* Sources */ = {
			isa = PBXSourcesBuildPhase;
			buildActionMask = 2147483647;
			files = (
				6266A3C717C2838400B53753 /* main.m in Sources */,
				6266A3CB17C2838400B53753 /* AppDelegate.m in Sources */,
				6266A3D717C2838400B53753 /* CurrentLocationViewController.m in Sources */,
				62BBC05017C51A3D0023D14A /* LocationDetailsViewController.m in Sources */,
				62B42C3617C65AA30088CA97 /* CategoryPickerViewController.m in Sources */,
				62B2157117C820100069D437 /* HudView.m in Sources */,
				62BCFA7D17CD3AAC00E47106 /* DataModel.xcdatamodeld in Sources */,
				62BCFA8017CD3E2C00E47106 /* Location.m in Sources */,
				6246EDEA17CE812600FA5F3B /* AllLocationsViewController.m in Sources */,
				62C9EE0B17D038AE007B189F /* LocationCell.m in Sources */,
				626DD68A17DF9773003F3340 /* MapViewController.m in Sources */,
				62EA440A17E49962001840E2 /* UIImage+Resize.m in Sources */,
				620E233E17E5FC9300727633 /* NSMutableString+AddText.m in Sources */,
			);
			runOnlyForDeploymentPostprocessing = 0;
		};
/* End PBXSourcesBuildPhase section */

/* Begin PBXVariantGroup section */
		6266A3C317C2838400B53753 /* InfoPlist.strings */ = {
			isa = PBXVariantGroup;
			children = (
				6266A3C417C2838400B53753 /* en */,
			);
			name = InfoPlist.strings;
			sourceTree = "<group>";
		};
		6266A3D217C2838400B53753 /* MainStoryboard.storyboard */ = {
			isa = PBXVariantGroup;
			children = (
				6266A3D317C2838400B53753 /* en */,
			);
			name = MainStoryboard.storyboard;
			sourceTree = "<group>";
		};
/* End PBXVariantGroup section */

/* Begin XCBuildConfiguration section */
		6266A3E317C2838400B53753 /* Debug */ = {
			isa = XCBuildConfiguration;
			buildSettings = {
				ALWAYS_SEARCH_USER_PATHS = NO;
				CLANG_CXX_LANGUAGE_STANDARD = "gnu++0x";
				CLANG_CXX_LIBRARY = "libc++";
				CLANG_ENABLE_OBJC_ARC = YES;
				CLANG_WARN_CONSTANT_CONVERSION = YES;
				CLANG_WARN_EMPTY_BODY = YES;
				CLANG_WARN_ENUM_CONVERSION = YES;
				CLANG_WARN_INT_CONVERSION = YES;
				CLANG_WARN__DUPLICATE_METHOD_MATCH = YES;
				"CODE_SIGN_IDENTITY[sdk=iphoneos*]" = "iPhone Developer";
				COPY_PHASE_STRIP = NO;
				GCC_C_LANGUAGE_STANDARD = gnu99;
				GCC_DYNAMIC_NO_PIC = NO;
				GCC_OPTIMIZATION_LEVEL = 0;
				GCC_PREPROCESSOR_DEFINITIONS = (
					"DEBUG=1",
					"$(inherited)",
				);
				GCC_SYMBOLS_PRIVATE_EXTERN = NO;
				GCC_WARN_ABOUT_RETURN_TYPE = YES;
				GCC_WARN_UNINITIALIZED_AUTOS = YES;
				GCC_WARN_UNUSED_VARIABLE = YES;
				IPHONEOS_DEPLOYMENT_TARGET = 6.1;
				ONLY_ACTIVE_ARCH = YES;
				SDKROOT = iphoneos;
			};
			name = Debug;
		};
		6266A3E417C2838400B53753 /* Release */ = {
			isa = XCBuildConfiguration;
			buildSettings = {
				ALWAYS_SEARCH_USER_PATHS = NO;
				CLANG_CXX_LANGUAGE_STANDARD = "gnu++0x";
				CLANG_CXX_LIBRARY = "libc++";
				CLANG_ENABLE_OBJC_ARC = YES;
				CLANG_WARN_CONSTANT_CONVERSION = YES;
				CLANG_WARN_EMPTY_BODY = YES;
				CLANG_WARN_ENUM_CONVERSION = YES;
				CLANG_WARN_INT_CONVERSION = YES;
				CLANG_WARN__DUPLICATE_METHOD_MATCH = YES;
				"CODE_SIGN_IDENTITY[sdk=iphoneos*]" = "iPhone Developer";
				COPY_PHASE_STRIP = YES;
				GCC_C_LANGUAGE_STANDARD = gnu99;
				GCC_WARN_ABOUT_RETURN_TYPE = YES;
				GCC_WARN_UNINITIALIZED_AUTOS = YES;
				GCC_WARN_UNUSED_VARIABLE = YES;
				IPHONEOS_DEPLOYMENT_TARGET = 6.1;
				OTHER_CFLAGS = "-DNS_BLOCK_ASSERTIONS=1";
				SDKROOT = iphoneos;
				VALIDATE_PRODUCT = YES;
			};
			name = Release;
		};
		6266A3E617C2838400B53753 /* Debug */ = {
			isa = XCBuildConfiguration;
			buildSettings = {
				GCC_PRECOMPILE_PREFIX_HEADER = YES;
				GCC_PREFIX_HEADER = "MyLocations/MyLocations-Prefix.pch";
				INFOPLIST_FILE = "MyLocations/MyLocations-Info.plist";
				IPHONEOS_DEPLOYMENT_TARGET = 5.0;
				PRODUCT_NAME = "$(TARGET_NAME)";
				WRAPPER_EXTENSION = app;
			};
			name = Debug;
		};
		6266A3E717C2838400B53753 /* Release */ = {
			isa = XCBuildConfiguration;
			buildSettings = {
				GCC_PRECOMPILE_PREFIX_HEADER = YES;
				GCC_PREFIX_HEADER = "MyLocations/MyLocations-Prefix.pch";
				INFOPLIST_FILE = "MyLocations/MyLocations-Info.plist";
				IPHONEOS_DEPLOYMENT_TARGET = 5.0;
				PRODUCT_NAME = "$(TARGET_NAME)";
				WRAPPER_EXTENSION = app;
			};
			name = Release;
		};
/* End XCBuildConfiguration section */

/* Begin XCConfigurationList section */
		6266A3B217C2838400B53753 /* Build configuration list for PBXProject "MyLocations" */ = {
			isa = XCConfigurationList;
			buildConfigurations = (
				6266A3E317C2838400B53753 /* Debug */,
				6266A3E417C2838400B53753 /* Release */,
			);
			defaultConfigurationIsVisible = 0;
			defaultConfigurationName = Release;
		};
		6266A3E517C2838400B53753 /* Build configuration list for PBXNativeTarget "MyLocations" */ = {
			isa = XCConfigurationList;
			buildConfigurations = (
				6266A3E617C2838400B53753 /* Debug */,
				6266A3E717C2838400B53753 /* Release */,
			);
			defaultConfigurationIsVisible = 0;
			defaultConfigurationName = Release;
		};
/* End XCConfigurationList section */

/* Begin XCVersionGroup section */
		62BCFA7B17CD3AAC00E47106 /* DataModel.xcdatamodeld */ = {
			isa = XCVersionGroup;
			children = (
				62BCFA7C17CD3AAC00E47106 /* DataModel.xcdatamodel */,
			);
			currentVersion = 62BCFA7C17CD3AAC00E47106 /* DataModel.xcdatamodel */;
			path = DataModel.xcdatamodeld;
			sourceTree = "<group>";
			versionGroupType = wrapper.xcdatamodel;
		};
/* End XCVersionGroup section */
	};
	rootObject = 6266A3AF17C2838400B53753 /* Project object */;
}
